
Microsoft Visual Studio Solution File, Format Version 12.00
# Visual Studio Version 16
VisualStudioVersion = 16.0.31402.337
MinimumVisualStudioVersion = 10.0.40219.1
Project("{FAE04EC0-301F-11D3-BF4B-00C04F79EFBC}") = "Main", "Main\Main.csproj", "{7869267B-97F1-40C9-9F81-DE06AAC7D8AF}"
EndProject
Global
	GlobalSection(SolutionConfigurationPlatforms) = preSolution
		Debug|Any CPU = Debug|Any CPU
		Release|Any CPU = Release|Any CPU
	EndGlobalSection
	GlobalSection(ProjectConfigurationPlatforms) = postSolution
		{7869267B-97F1-40C9-9F81-DE06AAC7D8AF}.Debug|Any CPU.ActiveCfg = Debug|Any CPU
		{7869267B-97F1-40C9-9F81-DE06AAC7D8AF}.Debug|Any CPU.Build.0 = Debug|Any CPU
		{7869267B-97F1-40C9-9F81-DE06AAC7D8AF}.Release|Any CPU.ActiveCfg = Release|Any CPU
		{7869267B-97F1-40C9-9F81-DE06AAC7D8AF}.Release|Any CPU.Build.0 = Release|Any CPU
	EndGlobalSection
	GlobalSection(SolutionProperties) = preSolution
		HideSolutionNode = FALSE
	EndGlobalSection
	GlobalSection(ExtensibilityGlobals) = postSolution
		SolutionGuid = {91DD3989-2B6C-481F-8325-BAF99B36D786}
	EndGlobalSection
EndGlobal
